
Microsoft Visual Studio Solution File, Format Version 12.00
# Visual Studio Version 17
VisualStudioVersion = 17.4.33205.214
MinimumVisualStudioVersion = 10.0.40219.1
Project("{2150E333-8FDC-42A3-9474-1A3956D46DE8}") = "FrontEnd", "FrontEnd", "{8817911C-1EFE-4D8C-8199-F5B8B1DFDABF}"
EndProject
Project("{9A19103F-16F7-4668-BE54-9A1E7A4F7556}") = "Mango.Web", "Mango.Web\Mango.Web.csproj", "{0CD1F23C-E391-4297-BA15-98547FF63017}"
EndProject
Project("{2150E333-8FDC-42A3-9474-1A3956D46DE8}") = "Services", "Services", "{877E6DBB-5082-48B1-81A6-CF5180D2CBD9}"
EndProject
Project("{9A19103F-16F7-4668-BE54-9A1E7A4F7556}") = "Mango.Services.ProductAPI", "Mango.Services.ProductAPI\Mango.Services.ProductAPI.csproj", "{43E1F153-27A0-4B47-AE70-F8A9508D5D12}"
EndProject
Project("{9A19103F-16F7-4668-BE54-9A1E7A4F7556}") = "Mango.Services.Identity", "Mango.Services.Identity\Mango.Services.Identity.csproj", "{2A4DFD28-BA9A-4C96-9536-C05C308AEA73}"
EndProject
Project("{9A19103F-16F7-4668-BE54-9A1E7A4F7556}") = "Mango.Services.ShoppingCartAPI", "Mango.Services.ShoppingCartAPI\Mango.Services.ShoppingCartAPI.csproj", "{F7F09239-7581-4D45-B72F-2D83735A6974}"
EndProject
Project("{9A19103F-16F7-4668-BE54-9A1E7A4F7556}") = "Mango.Services.CouponAPI", "Mango.Services.CouponAPI\Mango.Services.CouponAPI.csproj", "{71FBF6CE-2B9C-49B3-99AF-3E63A74306AC}"
EndProject
Project("{2150E333-8FDC-42A3-9474-1A3956D46DE8}") = "Integration", "Integration", "{27E1571A-A181-4962-AF61-A7585C15A0B9}"
EndProject
Project("{9A19103F-16F7-4668-BE54-9A1E7A4F7556}") = "Mango.MessageBus", "Mango.MessageBus\Mango.MessageBus.csproj", "{8001217E-2FA8-4119-84B1-76FE8F6D2DA5}"
EndProject
Project("{9A19103F-16F7-4668-BE54-9A1E7A4F7556}") = "Mango.Services.OrderAPI", "Mango.Services.OrderAPI\Mango.Services.OrderAPI.csproj", "{C1F6CD61-B5E0-4C8D-9281-0DDD318EA7C5}"
EndProject
Project("{2150E333-8FDC-42A3-9474-1A3956D46DE8}") = "Payments", "Payments", "{A733D1E3-19E1-4A0B-BD3D-A76BA1561A46}"
EndProject
Project("{9A19103F-16F7-4668-BE54-9A1E7A4F7556}") = "PaymentProcessor", "PaymentProcessor\PaymentProcessor.csproj", "{257535A9-554D-46B4-8792-E0DE1529AC84}"
EndProject
Project("{FAE04EC0-301F-11D3-BF4B-00C04F79EFBC}") = "Mango.Services.PaymentAPI", "Mango.Services.PaymentAPI\Mango.Services.PaymentAPI.csproj", "{0498B2FD-7AF0-4161-A746-B8FB3AF67AF8}"
EndProject
Project("{FAE04EC0-301F-11D3-BF4B-00C04F79EFBC}") = "Mango.Services.Email", "Mango.Services.Email\Mango.Services.Email.csproj", "{F525C545-74ED-4EB1-8095-22FB08754A11}"
EndProject
Global
	GlobalSection(SolutionConfigurationPlatforms) = preSolution
		Debug|Any CPU = Debug|Any CPU
		Release|Any CPU = Release|Any CPU
	EndGlobalSection
	GlobalSection(ProjectConfigurationPlatforms) = postSolution
		{0CD1F23C-E391-4297-BA15-98547FF63017}.Debug|Any CPU.ActiveCfg = Debug|Any CPU
		{0CD1F23C-E391-4297-BA15-98547FF63017}.Debug|Any CPU.Build.0 = Debug|Any CPU
		{0CD1F23C-E391-4297-BA15-98547FF63017}.Release|Any CPU.ActiveCfg = Release|Any CPU
		{0CD1F23C-E391-4297-BA15-98547FF63017}.Release|Any CPU.Build.0 = Release|Any CPU
		{43E1F153-27A0-4B47-AE70-F8A9508D5D12}.Debug|Any CPU.ActiveCfg = Debug|Any CPU
		{43E1F153-27A0-4B47-AE70-F8A9508D5D12}.Debug|Any CPU.Build.0 = Debug|Any CPU
		{43E1F153-27A0-4B47-AE70-F8A9508D5D12}.Release|Any CPU.ActiveCfg = Release|Any CPU
		{43E1F153-27A0-4B47-AE70-F8A9508D5D12}.Release|Any CPU.Build.0 = Release|Any CPU
		{2A4DFD28-BA9A-4C96-9536-C05C308AEA73}.Debug|Any CPU.ActiveCfg = Debug|Any CPU
		{2A4DFD28-BA9A-4C96-9536-C05C308AEA73}.Debug|Any CPU.Build.0 = Debug|Any CPU
		{2A4DFD28-BA9A-4C96-9536-C05C308AEA73}.Release|Any CPU.ActiveCfg = Release|Any CPU
		{2A4DFD28-BA9A-4C96-9536-C05C308AEA73}.Release|Any CPU.Build.0 = Release|Any CPU
		{F7F09239-7581-4D45-B72F-2D83735A6974}.Debug|Any CPU.ActiveCfg = Debug|Any CPU
		{F7F09239-7581-4D45-B72F-2D83735A6974}.Debug|Any CPU.Build.0 = Debug|Any CPU
		{F7F09239-7581-4D45-B72F-2D83735A6974}.Release|Any CPU.ActiveCfg = Release|Any CPU
		{F7F09239-7581-4D45-B72F-2D83735A6974}.Release|Any CPU.Build.0 = Release|Any CPU
		{71FBF6CE-2B9C-49B3-99AF-3E63A74306AC}.Debug|Any CPU.ActiveCfg = Debug|Any CPU
		{71FBF6CE-2B9C-49B3-99AF-3E63A74306AC}.Debug|Any CPU.Build.0 = Debug|Any CPU
		{71FBF6CE-2B9C-49B3-99AF-3E63A74306AC}.Release|Any CPU.ActiveCfg = Release|Any CPU
		{71FBF6CE-2B9C-49B3-99AF-3E63A74306AC}.Release|Any CPU.Build.0 = Release|Any CPU
		{8001217E-2FA8-4119-84B1-76FE8F6D2DA5}.Debug|Any CPU.ActiveCfg = Debug|Any CPU
		{8001217E-2FA8-4119-84B1-76FE8F6D2DA5}.Debug|Any CPU.Build.0 = Debug|Any CPU
		{8001217E-2FA8-4119-84B1-76FE8F6D2DA5}.Release|Any CPU.ActiveCfg = Release|Any CPU
		{8001217E-2FA8-4119-84B1-76FE8F6D2DA5}.Release|Any CPU.Build.0 = Release|Any CPU
		{C1F6CD61-B5E0-4C8D-9281-0DDD318EA7C5}.Debug|Any CPU.ActiveCfg = Debug|Any CPU
		{C1F6CD61-B5E0-4C8D-9281-0DDD318EA7C5}.Debug|Any CPU.Build.0 = Debug|Any CPU
		{C1F6CD61-B5E0-4C8D-9281-0DDD318EA7C5}.Release|Any CPU.ActiveCfg = Release|Any CPU
		{C1F6CD61-B5E0-4C8D-9281-0DDD318EA7C5}.Release|Any CPU.Build.0 = Release|Any CPU
		{257535A9-554D-46B4-8792-E0DE1529AC84}.Debug|Any CPU.ActiveCfg = Debug|Any CPU
		{257535A9-554D-46B4-8792-E0DE1529AC84}.Debug|Any CPU.Build.0 = Debug|Any CPU
		{257535A9-554D-46B4-8792-E0DE1529AC84}.Release|Any CPU.ActiveCfg = Release|Any CPU
		{257535A9-554D-46B4-8792-E0DE1529AC84}.Release|Any CPU.Build.0 = Release|Any CPU
		{0498B2FD-7AF0-4161-A746-B8FB3AF67AF8}.Debug|Any CPU.ActiveCfg = Debug|Any CPU
		{0498B2FD-7AF0-4161-A746-B8FB3AF67AF8}.Debug|Any CPU.Build.0 = Debug|Any CPU
		{0498B2FD-7AF0-4161-A746-B8FB3AF67AF8}.Release|Any CPU.ActiveCfg = Release|Any CPU
		{0498B2FD-7AF0-4161-A746-B8FB3AF67AF8}.Release|Any CPU.Build.0 = Release|Any CPU
		{F525C545-74ED-4EB1-8095-22FB08754A11}.Debug|Any CPU.ActiveCfg = Debug|Any CPU
		{F525C545-74ED-4EB1-8095-22FB08754A11}.Debug|Any CPU.Build.0 = Debug|Any CPU
		{F525C545-74ED-4EB1-8095-22FB08754A11}.Release|Any CPU.ActiveCfg = Release|Any CPU
		{F525C545-74ED-4EB1-8095-22FB08754A11}.Release|Any CPU.Build.0 = Release|Any CPU
	EndGlobalSection
	GlobalSection(SolutionProperties) = preSolution
		HideSolutionNode = FALSE
	EndGlobalSection
	GlobalSection(NestedProjects) = preSolution
		{0CD1F23C-E391-4297-BA15-98547FF63017} = {8817911C-1EFE-4D8C-8199-F5B8B1DFDABF}
		{43E1F153-27A0-4B47-AE70-F8A9508D5D12} = {877E6DBB-5082-48B1-81A6-CF5180D2CBD9}
		{2A4DFD28-BA9A-4C96-9536-C05C308AEA73} = {877E6DBB-5082-48B1-81A6-CF5180D2CBD9}
		{F7F09239-7581-4D45-B72F-2D83735A6974} = {877E6DBB-5082-48B1-81A6-CF5180D2CBD9}
		{71FBF6CE-2B9C-49B3-99AF-3E63A74306AC} = {877E6DBB-5082-48B1-81A6-CF5180D2CBD9}
		{8001217E-2FA8-4119-84B1-76FE8F6D2DA5} = {27E1571A-A181-4962-AF61-A7585C15A0B9}
		{C1F6CD61-B5E0-4C8D-9281-0DDD318EA7C5} = {877E6DBB-5082-48B1-81A6-CF5180D2CBD9}
		{257535A9-554D-46B4-8792-E0DE1529AC84} = {A733D1E3-19E1-4A0B-BD3D-A76BA1561A46}
		{0498B2FD-7AF0-4161-A746-B8FB3AF67AF8} = {877E6DBB-5082-48B1-81A6-CF5180D2CBD9}
		{F525C545-74ED-4EB1-8095-22FB08754A11} = {877E6DBB-5082-48B1-81A6-CF5180D2CBD9}
	EndGlobalSection
	GlobalSection(ExtensibilityGlobals) = postSolution
		SolutionGuid = {40465293-8B1D-4D44-B2A0-57C19CB3710E}
	EndGlobalSection
EndGlobal
